
Microsoft Visual Studio Solution File, Format Version 12.00
# Visual Studio Version 16
VisualStudioVersion = 16.0.30011.22
MinimumVisualStudioVersion = 10.0.40219.1
Project("{9A19103F-16F7-4668-BE54-9A1E7A4F7556}") = "BlazorWasm", "BlazorWasm\BlazorWasm.csproj", "{29669C3E-7D87-4748-B2DB-6C3E7526F040}"
EndProject
Global
	GlobalSection(SolutionConfigurationPlatforms) = preSolution
		Debug|Any CPU = Debug|Any CPU
		Release|Any CPU = Release|Any CPU
	EndGlobalSection
	GlobalSection(ProjectConfigurationPlatforms) = postSolution
		{29669C3E-7D87-4748-B2DB-6C3E7526F040}.Debug|Any CPU.ActiveCfg = Debug|Any CPU
		{29669C3E-7D87-4748-B2DB-6C3E7526F040}.Debug|Any CPU.Build.0 = Debug|Any CPU
		{29669C3E-7D87-4748-B2DB-6C3E7526F040}.Release|Any CPU.ActiveCfg = Debug|Any CPU
		{29669C3E-7D87-4748-B2DB-6C3E7526F040}.Release|Any CPU.Build.0 = Debug|Any CPU
	EndGlobalSection
	GlobalSection(SolutionProperties) = preSolution
		HideSolutionNode = FALSE
	EndGlobalSection
	GlobalSection(ExtensibilityGlobals) = postSolution
		SolutionGuid = {5C10EBB1-548D-4789-9BBE-4D64E2CEB413}
	EndGlobalSection
EndGlobal
